
Microsoft Visual Studio Solution File, Format Version 12.00
# Visual Studio 15
VisualStudioVersion = 15.0.28307.489
MinimumVisualStudioVersion = 10.0.40219.1
Project("{FAE04EC0-301F-11D3-BF4B-00C04F79EFBC}") = "RaceGame_Simran", "RaceGame_Simran\RaceGame_Simran.csproj", "{D54894D0-D480-4415-ADB9-D6C3DCB71B2D}"
EndProject
Project("{FAE04EC0-301F-11D3-BF4B-00C04F79EFBC}") = "RaceGame_SimranTests1", "RaceGame_SimranTests1\RaceGame_SimranTests1.csproj", "{FF378895-3349-4232-8F39-FAD1D42A8BF4}"
EndProject
Global
	GlobalSection(SolutionConfigurationPlatforms) = preSolution
		Debug|Any CPU = Debug|Any CPU
		Release|Any CPU = Release|Any CPU
	EndGlobalSection
	GlobalSection(ProjectConfigurationPlatforms) = postSolution
		{D54894D0-D480-4415-ADB9-D6C3DCB71B2D}.Debug|Any CPU.ActiveCfg = Debug|Any CPU
		{D54894D0-D480-4415-ADB9-D6C3DCB71B2D}.Debug|Any CPU.Build.0 = Debug|Any CPU
		{D54894D0-D480-4415-ADB9-D6C3DCB71B2D}.Release|Any CPU.ActiveCfg = Release|Any CPU
		{D54894D0-D480-4415-ADB9-D6C3DCB71B2D}.Release|Any CPU.Build.0 = Release|Any CPU
		{FF378895-3349-4232-8F39-FAD1D42A8BF4}.Debug|Any CPU.ActiveCfg = Debug|Any CPU
		{FF378895-3349-4232-8F39-FAD1D42A8BF4}.Debug|Any CPU.Build.0 = Debug|Any CPU
		{FF378895-3349-4232-8F39-FAD1D42A8BF4}.Release|Any CPU.ActiveCfg = Release|Any CPU
		{FF378895-3349-4232-8F39-FAD1D42A8BF4}.Release|Any CPU.Build.0 = Release|Any CPU
	EndGlobalSection
	GlobalSection(SolutionProperties) = preSolution
		HideSolutionNode = FALSE
	EndGlobalSection
	GlobalSection(ExtensibilityGlobals) = postSolution
		SolutionGuid = {B0183110-1A37-4DC3-AAA2-86C6C9612549}
	EndGlobalSection
EndGlobal
